// !$*UTF8*$!
{
	archiveVersion = 1;
	classes = {
	};
	objectVersion = 56;
	objects = {

/* Begin PBXBuildFile section */
		74D5FF782943A63B00029FF8 /* AppDelegate.swift in Sources */ = {isa = PBXBuildFile; fileRef = 74D5FF772943A63B00029FF8 /* AppDelegate.swift */; };
		74D5FF7A2943A63B00029FF8 /* SceneDelegate.swift in Sources */ = {isa = PBXBuildFile; fileRef = 74D5FF792943A63B00029FF8 /* SceneDelegate.swift */; };
		74D5FF7C2943A63B00029FF8 /* ViewController.swift in Sources */ = {isa = PBXBuildFile; fileRef = 74D5FF7B2943A63B00029FF8 /* ViewController.swift */; };
		74D5FF812943A63C00029FF8 /* Assets.xcassets in Resources */ = {isa = PBXBuildFile; fileRef = 74D5FF802943A63C00029FF8 /* Assets.xcassets */; };
		74D5FF842943A63C00029FF8 /* LaunchScreen.storyboard in Resources */ = {isa = PBXBuildFile; fileRef = 74D5FF822943A63C00029FF8 /* LaunchScreen.storyboard */; };
		74D5FF8F2943A63C00029FF8 /* Compositional_LayoutTests.swift in Sources */ = {isa = PBXBuildFile; fileRef = 74D5FF8E2943A63C00029FF8 /* Compositional_LayoutTests.swift */; };
		74D5FF992943A63C00029FF8 /* Compositional_LayoutUITests.swift in Sources */ = {isa = PBXBuildFile; fileRef = 74D5FF982943A63C00029FF8 /* Compositional_LayoutUITests.swift */; };
		74D5FF9B2943A63C00029FF8 /* Compositional_LayoutUITestsLaunchTests.swift in Sources */ = {isa = PBXBuildFile; fileRef = 74D5FF9A2943A63C00029FF8 /* Compositional_LayoutUITestsLaunchTests.swift */; };
		74D5FFA82943A7CF00029FF8 /* ListItem.swift in Sources */ = {isa = PBXBuildFile; fileRef = 74D5FFA72943A7CF00029FF8 /* ListItem.swift */; };
		74D5FFAA2943A81900029FF8 /* LIstSection.swift in Sources */ = {isa = PBXBuildFile; fileRef = 74D5FFA92943A81900029FF8 /* LIstSection.swift */; };
		74D5FFAC2943AA6C00029FF8 /* MockData.swift in Sources */ = {isa = PBXBuildFile; fileRef = 74D5FFAB2943AA6C00029FF8 /* MockData.swift */; };
		74D5FFAF2943B64200029FF8 /* SaleCollectionViewCell.swift in Sources */ = {isa = PBXBuildFile; fileRef = 74D5FFAE2943B64200029FF8 /* SaleCollectionViewCell.swift */; };
		74D5FFB12943B65000029FF8 /* CategoryCollectionViewCell.swift in Sources */ = {isa = PBXBuildFile; fileRef = 74D5FFB02943B65000029FF8 /* CategoryCollectionViewCell.swift */; };
		74D5FFB32943B65E00029FF8 /* ComingSoonCollectionViewCell.swift in Sources */ = {isa = PBXBuildFile; fileRef = 74D5FFB22943B65E00029FF8 /* ComingSoonCollectionViewCell.swift */; };
		74D5FFB52943C4E700029FF8 /* HeaderSupplementaryView.swift in Sources */ = {isa = PBXBuildFile; fileRef = 74D5FFB42943C4E700029FF8 /* HeaderSupplementaryView.swift */; };
/* End PBXBuildFile section */

/* Begin PBXContainerItemProxy section */
		74D5FF8B2943A63C00029FF8 /* PBXContainerItemProxy */ = {
			isa = PBXContainerItemProxy;
			containerPortal = 74D5FF6C2943A63A00029FF8 /* Project object */;
			proxyType = 1;
			remoteGlobalIDString = 74D5FF732943A63B00029FF8;
			remoteInfo = "Compositional Layout";
		};
		74D5FF952943A63C00029FF8 /* PBXContainerItemProxy */ = {
			isa = PBXContainerItemProxy;
			containerPortal = 74D5FF6C2943A63A00029FF8 /* Project object */;
			proxyType = 1;
			remoteGlobalIDString = 74D5FF732943A63B00029FF8;
			remoteInfo = "Compositional Layout";
		};
/* End PBXContainerItemProxy section */

/* Begin PBXFileReference section */
		74D5FF742943A63B00029FF8 /* Compositional Layout.app */ = {isa = PBXFileReference; explicitFileType = wrapper.application; includeInIndex = 0; path = "Compositional Layout.app"; sourceTree = BUILT_PRODUCTS_DIR; };
		74D5FF772943A63B00029FF8 /* AppDelegate.swift */ = {isa = PBXFileReference; lastKnownFileType = sourcecode.swift; path = AppDelegate.swift; sourceTree = "<group>"; };
		74D5FF792943A63B00029FF8 /* SceneDelegate.swift */ = {isa = PBXFileReference; lastKnownFileType = sourcecode.swift; path = SceneDelegate.swift; sourceTree = "<group>"; };
		74D5FF7B2943A63B00029FF8 /* ViewController.swift */ = {isa = PBXFileReference; lastKnownFileType = sourcecode.swift; path = ViewController.swift; sourceTree = "<group>"; };
		74D5FF802943A63C00029FF8 /* Assets.xcassets */ = {isa = PBXFileReference; lastKnownFileType = folder.assetcatalog; path = Assets.xcassets; sourceTree = "<group>"; };
		74D5FF832943A63C00029FF8 /* Base */ = {isa = PBXFileReference; lastKnownFileType = file.storyboard; name = Base; path = Base.lproj/LaunchScreen.storyboard; sourceTree = "<group>"; };
		74D5FF852943A63C00029FF8 /* Info.plist */ = {isa = PBXFileReference; lastKnownFileType = text.plist.xml; path = Info.plist; sourceTree = "<group>"; };
		74D5FF8A2943A63C00029FF8 /* Compositional LayoutTests.xctest */ = {isa = PBXFileReference; explicitFileType = wrapper.cfbundle; includeInIndex = 0; path = "Compositional LayoutTests.xctest"; sourceTree = BUILT_PRODUCTS_DIR; };
		74D5FF8E2943A63C00029FF8 /* Compositional_LayoutTests.swift */ = {isa = PBXFileReference; lastKnownFileType = sourcecode.swift; path = Compositional_LayoutTests.swift; sourceTree = "<group>"; };
		74D5FF942943A63C00029FF8 /* Compositional LayoutUITests.xctest */ = {isa = PBXFileReference; explicitFileType = wrapper.cfbundle; includeInIndex = 0; path = "Compositional LayoutUITests.xctest"; sourceTree = BUILT_PRODUCTS_DIR; };
		74D5FF982943A63C00029FF8 /* Compositional_LayoutUITests.swift */ = {isa = PBXFileReference; lastKnownFileType = sourcecode.swift; path = Compositional_LayoutUITests.swift; sourceTree = "<group>"; };
		74D5FF9A2943A63C00029FF8 /* Compositional_LayoutUITestsLaunchTests.swift */ = {isa = PBXFileReference; lastKnownFileType = sourcecode.swift; path = Compositional_LayoutUITestsLaunchTests.swift; sourceTree = "<group>"; };
		74D5FFA72943A7CF00029FF8 /* ListItem.swift */ = {isa = PBXFileReference; lastKnownFileType = sourcecode.swift; path = ListItem.swift; sourceTree = "<group>"; };
		74D5FFA92943A81900029FF8 /* LIstSection.swift */ = {isa = PBXFileReference; lastKnownFileType = sourcecode.swift; path = LIstSection.swift; sourceTree = "<group>"; };
		74D5FFAB2943AA6C00029FF8 /* MockData.swift */ = {isa = PBXFileReference; lastKnownFileType = sourcecode.swift; path = MockData.swift; sourceTree = "<group>"; };
		74D5FFAE2943B64200029FF8 /* SaleCollectionViewCell.swift */ = {isa = PBXFileReference; lastKnownFileType = sourcecode.swift; path = SaleCollectionViewCell.swift; sourceTree = "<group>"; };
		74D5FFB02943B65000029FF8 /* CategoryCollectionViewCell.swift */ = {isa = PBXFileReference; lastKnownFileType = sourcecode.swift; path = CategoryCollectionViewCell.swift; sourceTree = "<group>"; };
		74D5FFB22943B65E00029FF8 /* ComingSoonCollectionViewCell.swift */ = {isa = PBXFileReference; lastKnownFileType = sourcecode.swift; path = ComingSoonCollectionViewCell.swift; sourceTree = "<group>"; };
		74D5FFB42943C4E700029FF8 /* HeaderSupplementaryView.swift */ = {isa = PBXFileReference; lastKnownFileType = sourcecode.swift; path = HeaderSupplementaryView.swift; sourceTree = "<group>"; };
/* End PBXFileReference section */

/* Begin PBXFrameworksBuildPhase section */
		74D5FF712943A63B00029FF8 /* Frameworks */ = {
			isa = PBXFrameworksBuildPhase;
			buildActionMask = 2147483647;
			files = (
			);
			runOnlyForDeploymentPostprocessing = 0;
		};
		74D5FF872943A63C00029FF8 /* Frameworks */ = {
			isa = PBXFrameworksBuildPhase;
			buildActionMask = 2147483647;
			files = (
			);
			runOnlyForDeploymentPostprocessing = 0;
		};
		74D5FF912943A63C00029FF8 /* Frameworks */ = {
			isa = PBXFrameworksBuildPhase;
			buildActionMask = 2147483647;
			files = (
			);
			runOnlyForDeploymentPostprocessing = 0;
		};
/* End PBXFrameworksBuildPhase section */

/* Begin PBXGroup section */
		74D5FF6B2943A63A00029FF8 = {
			isa = PBXGroup;
			children = (
				74D5FF762943A63B00029FF8 /* Compositional Layout */,
				74D5FF8D2943A63C00029FF8 /* Compositional LayoutTests */,
				74D5FF972943A63C00029FF8 /* Compositional LayoutUITests */,
				74D5FF752943A63B00029FF8 /* Products */,
			);
			sourceTree = "<group>";
		};
		74D5FF752943A63B00029FF8 /* Products */ = {
			isa = PBXGroup;
			children = (
				74D5FF742943A63B00029FF8 /* Compositional Layout.app */,
				74D5FF8A2943A63C00029FF8 /* Compositional LayoutTests.xctest */,
				74D5FF942943A63C00029FF8 /* Compositional LayoutUITests.xctest */,
			);
			name = Products;
			sourceTree = "<group>";
		};
		74D5FF762943A63B00029FF8 /* Compositional Layout */ = {
			isa = PBXGroup;
			children = (
				74D5FFAD2943B61E00029FF8 /* Cells */,
				74D5FF772943A63B00029FF8 /* AppDelegate.swift */,
				74D5FF792943A63B00029FF8 /* SceneDelegate.swift */,
				74D5FF7B2943A63B00029FF8 /* ViewController.swift */,
				74D5FFA72943A7CF00029FF8 /* ListItem.swift */,
				74D5FF802943A63C00029FF8 /* Assets.xcassets */,
				74D5FF822943A63C00029FF8 /* LaunchScreen.storyboard */,
				74D5FF852943A63C00029FF8 /* Info.plist */,
				74D5FFA92943A81900029FF8 /* LIstSection.swift */,
				74D5FFAB2943AA6C00029FF8 /* MockData.swift */,
			);
			path = "Compositional Layout";
			sourceTree = "<group>";
		};
		74D5FF8D2943A63C00029FF8 /* Compositional LayoutTests */ = {
			isa = PBXGroup;
			children = (
				74D5FF8E2943A63C00029FF8 /* Compositional_LayoutTests.swift */,
			);
			path = "Compositional LayoutTests";
			sourceTree = "<group>";
		};
		74D5FF972943A63C00029FF8 /* Compositional LayoutUITests */ = {
			isa = PBXGroup;
			children = (
				74D5FF982943A63C00029FF8 /* Compositional_LayoutUITests.swift */,
				74D5FF9A2943A63C00029FF8 /* Compositional_LayoutUITestsLaunchTests.swift */,
			);
			path = "Compositional LayoutUITests";
			sourceTree = "<group>";
		};
		74D5FFAD2943B61E00029FF8 /* Cells */ = {
			isa = PBXGroup;
			children = (
				74D5FFAE2943B64200029FF8 /* SaleCollectionViewCell.swift */,
				74D5FFB02943B65000029FF8 /* CategoryCollectionViewCell.swift */,
				74D5FFB22943B65E00029FF8 /* ComingSoonCollectionViewCell.swift */,
				74D5FFB42943C4E700029FF8 /* HeaderSupplementaryView.swift */,
			);
			path = Cells;
			sourceTree = "<group>";
		};
/* End PBXGroup section */

/* Begin PBXNativeTarget section */
		74D5FF732943A63B00029FF8 /* Compositional Layout */ = {
			isa = PBXNativeTarget;
			buildConfigurationList = 74D5FF9E2943A63C00029FF8 /* Build configuration list for PBXNativeTarget "Compositional Layout" */;
			buildPhases = (
				74D5FF702943A63B00029FF8 /* Sources */,
				74D5FF712943A63B00029FF8 /* Frameworks */,
				74D5FF722943A63B00029FF8 /* Resources */,
			);
			buildRules = (
			);
			dependencies = (
			);
			name = "Compositional Layout";
			productName = "Compositional Layout";
			productReference = 74D5FF742943A63B00029FF8 /* Compositional Layout.app */;
			productType = "com.apple.product-type.application";
		};
		74D5FF892943A63C00029FF8 /* Compositional LayoutTests */ = {
			isa = PBXNativeTarget;
			buildConfigurationList = 74D5FFA12943A63C00029FF8 /* Build configuration list for PBXNativeTarget "Compositional LayoutTests" */;
			buildPhases = (
				74D5FF862943A63C00029FF8 /* Sources */,
				74D5FF872943A63C00029FF8 /* Frameworks */,
				74D5FF882943A63C00029FF8 /* Resources */,
			);
			buildRules = (
			);
			dependencies = (
				74D5FF8C2943A63C00029FF8 /* PBXTargetDependency */,
			);
			name = "Compositional LayoutTests";
			productName = "Compositional LayoutTests";
			productReference = 74D5FF8A2943A63C00029FF8 /* Compositional LayoutTests.xctest */;
			productType = "com.apple.product-type.bundle.unit-test";
		};
		74D5FF932943A63C00029FF8 /* Compositional LayoutUITests */ = {
			isa = PBXNativeTarget;
			buildConfigurationList = 74D5FFA42943A63C00029FF8 /* Build configuration list for PBXNativeTarget "Compositional LayoutUITests" */;
			buildPhases = (
				74D5FF902943A63C00029FF8 /* Sources */,
				74D5FF912943A63C00029FF8 /* Frameworks */,
				74D5FF922943A63C00029FF8 /* Resources */,
			);
			buildRules = (
			);
			dependencies = (
				74D5FF962943A63C00029FF8 /* PBXTargetDependency */,
			);
			name = "Compositional LayoutUITests";
			productName = "Compositional LayoutUITests";
			productReference = 74D5FF942943A63C00029FF8 /* Compositional LayoutUITests.xctest */;
			productType = "com.apple.product-type.bundle.ui-testing";
		};
/* End PBXNativeTarget section */

/* Begin PBXProject section */
		74D5FF6C2943A63A00029FF8 /* Project object */ = {
			isa = PBXProject;
			attributes = {
				BuildIndependentTargetsInParallel = 1;
				LastSwiftUpdateCheck = 1410;
				LastUpgradeCheck = 1410;
				TargetAttributes = {
					74D5FF732943A63B00029FF8 = {
						CreatedOnToolsVersion = 14.1;
					};
					74D5FF892943A63C00029FF8 = {
						CreatedOnToolsVersion = 14.1;
						TestTargetID = 74D5FF732943A63B00029FF8;
					};
					74D5FF932943A63C00029FF8 = {
						CreatedOnToolsVersion = 14.1;
						TestTargetID = 74D5FF732943A63B00029FF8;
					};
				};
			};
			buildConfigurationList = 74D5FF6F2943A63A00029FF8 /* Build configuration list for PBXProject "Compositional Layout" */;
			compatibilityVersion = "Xcode 14.0";
			developmentRegion = en;
			hasScannedForEncodings = 0;
			knownRegions = (
				en,
				Base,
			);
			mainGroup = 74D5FF6B2943A63A00029FF8;
			productRefGroup = 74D5FF752943A63B00029FF8 /* Products */;
			projectDirPath = "";
			projectRoot = "";
			targets = (
				74D5FF732943A63B00029FF8 /* Compositional Layout */,
				74D5FF892943A63C00029FF8 /* Compositional LayoutTests */,
				74D5FF932943A63C00029FF8 /* Compositional LayoutUITests */,
			);
		};
/* End PBXProject section */

/* Begin PBXResourcesBuildPhase section */
		74D5FF722943A63B00029FF8 /* Resources */ = {
			isa = PBXResourcesBuildPhase;
			buildActionMask = 2147483647;
			files = (
				74D5FF842943A63C00029FF8 /* LaunchScreen.storyboard in Resources */,
				74D5FF812943A63C00029FF8 /* Assets.xcassets in Resources */,
			);
			runOnlyForDeploymentPostprocessing = 0;
		};
		74D5FF882943A63C00029FF8 /* Resources */ = {
			isa = PBXResourcesBuildPhase;
			buildActionMask = 2147483647;
			files = (
			);
			runOnlyForDeploymentPostprocessing = 0;
		};
		74D5FF922943A63C00029FF8 /* Resources */ = {
			isa = PBXResourcesBuildPhase;
			buildActionMask = 2147483647;
			files = (
			);
			runOnlyForDeploymentPostprocessing = 0;
		};
/* End PBXResourcesBuildPhase section */

/* Begin PBXSourcesBuildPhase section */
		74D5FF702943A63B00029FF8 /* Sources */ = {
			isa = PBXSourcesBuildPhase;
			buildActionMask = 2147483647;
			files = (
				74D5FFB12943B65000029FF8 /* CategoryCollectionViewCell.swift in Sources */,
				74D5FFAA2943A81900029FF8 /* LIstSection.swift in Sources */,
				74D5FFAC2943AA6C00029FF8 /* MockData.swift in Sources */,
				74D5FFB32943B65E00029FF8 /* ComingSoonCollectionViewCell.swift in Sources */,
				74D5FFA82943A7CF00029FF8 /* ListItem.swift in Sources */,
				74D5FFAF2943B64200029FF8 /* SaleCollectionViewCell.swift in Sources */,
				74D5FF7C2943A63B00029FF8 /* ViewController.swift in Sources */,
				74D5FF782943A63B00029FF8 /* AppDelegate.swift in Sources */,
				74D5FF7A2943A63B00029FF8 /* SceneDelegate.swift in Sources */,
				74D5FFB52943C4E700029FF8 /* HeaderSupplementaryView.swift in Sources */,
			);
			runOnlyForDeploymentPostprocessing = 0;
		};
		74D5FF862943A63C00029FF8 /* Sources */ = {
			isa = PBXSourcesBuildPhase;
			buildActionMask = 2147483647;
			files = (
				74D5FF8F2943A63C00029FF8 /* Compositional_LayoutTests.swift in Sources */,
			);
			runOnlyForDeploymentPostprocessing = 0;
		};
		74D5FF902943A63C00029FF8 /* Sources */ = {
			isa = PBXSourcesBuildPhase;
			buildActionMask = 2147483647;
			files = (
				74D5FF9B2943A63C00029FF8 /* Compositional_LayoutUITestsLaunchTests.swift in Sources */,
				74D5FF992943A63C00029FF8 /* Compositional_LayoutUITests.swift in Sources */,
			);
			runOnlyForDeploymentPostprocessing = 0;
		};
/* End PBXSourcesBuildPhase section */

/* Begin PBXTargetDependency section */
		74D5FF8C2943A63C00029FF8 /* PBXTargetDependency */ = {
			isa = PBXTargetDependency;
			target = 74D5FF732943A63B00029FF8 /* Compositional Layout */;
			targetProxy = 74D5FF8B2943A63C00029FF8 /* PBXContainerItemProxy */;
		};
		74D5FF962943A63C00029FF8 /* PBXTargetDependency */ = {
			isa = PBXTargetDependency;
			target = 74D5FF732943A63B00029FF8 /* Compositional Layout */;
			targetProxy = 74D5FF952943A63C00029FF8 /* PBXContainerItemProxy */;
		};
/* End PBXTargetDependency section */

/* Begin PBXVariantGroup section */
		74D5FF822943A63C00029FF8 /* LaunchScreen.storyboard */ = {
			isa = PBXVariantGroup;
			children = (
				74D5FF832943A63C00029FF8 /* Base */,
			);
			name = LaunchScreen.storyboard;
			sourceTree = "<group>";
		};
/* End PBXVariantGroup section */

/* Begin XCBuildConfiguration section */
		74D5FF9C2943A63C00029FF8 /* Debug */ = {
			isa = XCBuildConfiguration;
			buildSettings = {
				ALWAYS_SEARCH_USER_PATHS = NO;
				CLANG_ANALYZER_NONNULL = YES;
				CLANG_ANALYZER_NUMBER_OBJECT_CONVERSION = YES_AGGRESSIVE;
				CLANG_CXX_LANGUAGE_STANDARD = "gnu++20";
				CLANG_ENABLE_MODULES = YES;
				CLANG_ENABLE_OBJC_ARC = YES;
				CLANG_ENABLE_OBJC_WEAK = YES;
				CLANG_WARN_BLOCK_CAPTURE_AUTORELEASING = YES;
				CLANG_WARN_BOOL_CONVERSION = YES;
				CLANG_WARN_COMMA = YES;
				CLANG_WARN_CONSTANT_CONVERSION = YES;
				CLANG_WARN_DEPRECATED_OBJC_IMPLEMENTATIONS = YES;
				CLANG_WARN_DIRECT_OBJC_ISA_USAGE = YES_ERROR;
				CLANG_WARN_DOCUMENTATION_COMMENTS = YES;
				CLANG_WARN_EMPTY_BODY = YES;
				CLANG_WARN_ENUM_CONVERSION = YES;
				CLANG_WARN_INFINITE_RECURSION = YES;
				CLANG_WARN_INT_CONVERSION = YES;
				CLANG_WARN_NON_LITERAL_NULL_CONVERSION = YES;
				CLANG_WARN_OBJC_IMPLICIT_RETAIN_SELF = YES;
				CLANG_WARN_OBJC_LITERAL_CONVERSION = YES;
				CLANG_WARN_OBJC_ROOT_CLASS = YES_ERROR;
				CLANG_WARN_QUOTED_INCLUDE_IN_FRAMEWORK_HEADER = YES;
				CLANG_WARN_RANGE_LOOP_ANALYSIS = YES;
				CLANG_WARN_STRICT_PROTOTYPES = YES;
				CLANG_WARN_SUSPICIOUS_MOVE = YES;
				CLANG_WARN_UNGUARDED_AVAILABILITY = YES_AGGRESSIVE;
				CLANG_WARN_UNREACHABLE_CODE = YES;
				CLANG_WARN__DUPLICATE_METHOD_MATCH = YES;
				COPY_PHASE_STRIP = NO;
				DEBUG_INFORMATION_FORMAT = dwarf;
				ENABLE_STRICT_OBJC_MSGSEND = YES;
				ENABLE_TESTABILITY = YES;
				GCC_C_LANGUAGE_STANDARD = gnu11;
				GCC_DYNAMIC_NO_PIC = NO;
				GCC_NO_COMMON_BLOCKS = YES;
				GCC_OPTIMIZATION_LEVEL = 0;
				GCC_PREPROCESSOR_DEFINITIONS = (
					"DEBUG=1",
					"$(inherited)",
				);
				GCC_WARN_64_TO_32_BIT_CONVERSION = YES;
				GCC_WARN_ABOUT_RETURN_TYPE = YES_ERROR;
				GCC_WARN_UNDECLARED_SELECTOR = YES;
				GCC_WARN_UNINITIALIZED_AUTOS = YES_AGGRESSIVE;
				GCC_WARN_UNUSED_FUNCTION = YES;
				GCC_WARN_UNUSED_VARIABLE = YES;
				IPHONEOS_DEPLOYMENT_TARGET = 16.1;
				MTL_ENABLE_DEBUG_INFO = INCLUDE_SOURCE;
				MTL_FAST_MATH = YES;
				ONLY_ACTIVE_ARCH = YES;
				SDKROOT = iphoneos;
				SWIFT_ACTIVE_COMPILATION_CONDITIONS = DEBUG;
				SWIFT_OPTIMIZATION_LEVEL = "-Onone";
			};
			name = Debug;
		};
		74D5FF9D2943A63C00029FF8 /* Release */ = {
			isa = XCBuildConfiguration;
			buildSettings = {
				ALWAYS_SEARCH_USER_PATHS = NO;
				CLANG_ANALYZER_NONNULL = YES;
				CLANG_ANALYZER_NUMBER_OBJECT_CONVERSION = YES_AGGRESSIVE;
				CLANG_CXX_LANGUAGE_STANDARD = "gnu++20";
				CLANG_ENABLE_MODULES = YES;
				CLANG_ENABLE_OBJC_ARC = YES;
				CLANG_ENABLE_OBJC_WEAK = YES;
				CLANG_WARN_BLOCK_CAPTURE_AUTORELEASING = YES;
				CLANG_WARN_BOOL_CONVERSION = YES;
				CLANG_WARN_COMMA = YES;
				CLANG_WARN_CONSTANT_CONVERSION = YES;
				CLANG_WARN_DEPRECATED_OBJC_IMPLEMENTATIONS = YES;
				CLANG_WARN_DIRECT_OBJC_ISA_USAGE = YES_ERROR;
				CLANG_WARN_DOCUMENTATION_COMMENTS = YES;
				CLANG_WARN_EMPTY_BODY = YES;
				CLANG_WARN_ENUM_CONVERSION = YES;
				CLANG_WARN_INFINITE_RECURSION = YES;
				CLANG_WARN_INT_CONVERSION = YES;
				CLANG_WARN_NON_LITERAL_NULL_CONVERSION = YES;
				CLANG_WARN_OBJC_IMPLICIT_RETAIN_SELF = YES;
				CLANG_WARN_OBJC_LITERAL_CONVERSION = YES;
				CLANG_WARN_OBJC_ROOT_CLASS = YES_ERROR;
				CLANG_WARN_QUOTED_INCLUDE_IN_FRAMEWORK_HEADER = YES;
				CLANG_WARN_RANGE_LOOP_ANALYSIS = YES;
				CLANG_WARN_STRICT_PROTOTYPES = YES;
				CLANG_WARN_SUSPICIOUS_MOVE = YES;
				CLANG_WARN_UNGUARDED_AVAILABILITY = YES_AGGRESSIVE;
				CLANG_WARN_UNREACHABLE_CODE = YES;
				CLANG_WARN__DUPLICATE_METHOD_MATCH = YES;
				COPY_PHASE_STRIP = NO;
				DEBUG_INFORMATION_FORMAT = "dwarf-with-dsym";
				ENABLE_NS_ASSERTIONS = NO;
				ENABLE_STRICT_OBJC_MSGSEND = YES;
				GCC_C_LANGUAGE_STANDARD = gnu11;
				GCC_NO_COMMON_BLOCKS = YES;
				GCC_WARN_64_TO_32_BIT_CONVERSION = YES;
				GCC_WARN_ABOUT_RETURN_TYPE = YES_ERROR;
				GCC_WARN_UNDECLARED_SELECTOR = YES;
				GCC_WARN_UNINITIALIZED_AUTOS = YES_AGGRESSIVE;
				GCC_WARN_UNUSED_FUNCTION = YES;
				GCC_WARN_UNUSED_VARIABLE = YES;
				IPHONEOS_DEPLOYMENT_TARGET = 16.1;
				MTL_ENABLE_DEBUG_INFO = NO;
				MTL_FAST_MATH = YES;
				SDKROOT = iphoneos;
				SWIFT_COMPILATION_MODE = wholemodule;
				SWIFT_OPTIMIZATION_LEVEL = "-O";
				VALIDATE_PRODUCT = YES;
			};
			name = Release;
		};
		74D5FF9F2943A63C00029FF8 /* Debug */ = {
			isa = XCBuildConfiguration;
			buildSettings = {
				ASSETCATALOG_COMPILER_APPICON_NAME = AppIcon;
				ASSETCATALOG_COMPILER_GLOBAL_ACCENT_COLOR_NAME = AccentColor;
				CODE_SIGN_STYLE = Automatic;
				CURRENT_PROJECT_VERSION = 1;
				GENERATE_INFOPLIST_FILE = YES;
				INFOPLIST_FILE = "Compositional Layout/Info.plist";
				INFOPLIST_KEY_UIApplicationSupportsIndirectInputEvents = YES;
				INFOPLIST_KEY_UILaunchStoryboardName = LaunchScreen;
				INFOPLIST_KEY_UISupportedInterfaceOrientations_iPad = "UIInterfaceOrientationPortrait UIInterfaceOrientationPortraitUpsideDown UIInterfaceOrientationLandscapeLeft UIInterfaceOrientationLandscapeRight";
				INFOPLIST_KEY_UISupportedInterfaceOrientations_iPhone = "UIInterfaceOrientationPortrait UIInterfaceOrientationLandscapeLeft UIInterfaceOrientationLandscapeRight";
				LD_RUNPATH_SEARCH_PATHS = (
					"$(inherited)",
					"@executable_path/Frameworks",
				);
				MARKETING_VERSION = 1.0;
				PRODUCT_BUNDLE_IDENTIFIER = "-23213.Compositional-Layout";
				PRODUCT_NAME = "$(TARGET_NAME)";
				SWIFT_EMIT_LOC_STRINGS = YES;
				SWIFT_VERSION = 5.0;
				TARGETED_DEVICE_FAMILY = "1,2";
			};
			name = Debug;
		};
		74D5FFA02943A63C00029FF8 /* Release */ = {
			isa = XCBuildConfiguration;
			buildSettings = {
				ASSETCATALOG_COMPILER_APPICON_NAME = AppIcon;
				ASSETCATALOG_COMPILER_GLOBAL_ACCENT_COLOR_NAME = AccentColor;
				CODE_SIGN_STYLE = Automatic;
				CURRENT_PROJECT_VERSION = 1;
				GENERATE_INFOPLIST_FILE = YES;
				INFOPLIST_FILE = "Compositional Layout/Info.plist";
				INFOPLIST_KEY_UIApplicationSupportsIndirectInputEvents = YES;
				INFOPLIST_KEY_UILaunchStoryboardName = LaunchScreen;
				INFOPLIST_KEY_UISupportedInterfaceOrientations_iPad = "UIInterfaceOrientationPortrait UIInterfaceOrientationPortraitUpsideDown UIInterfaceOrientationLandscapeLeft UIInterfaceOrientationLandscapeRight";
				INFOPLIST_KEY_UISupportedInterfaceOrientations_iPhone = "UIInterfaceOrientationPortrait UIInterfaceOrientationLandscapeLeft UIInterfaceOrientationLandscapeRight";
				LD_RUNPATH_SEARCH_PATHS = (
					"$(inherited)",
					"@executable_path/Frameworks",
				);
				MARKETING_VERSION = 1.0;
				PRODUCT_BUNDLE_IDENTIFIER = "-23213.Compositional-Layout";
				PRODUCT_NAME = "$(TARGET_NAME)";
				SWIFT_EMIT_LOC_STRINGS = YES;
				SWIFT_VERSION = 5.0;
				TARGETED_DEVICE_FAMILY = "1,2";
			};
			name = Release;
		};
		74D5FFA22943A63C00029FF8 /* Debug */ = {
			isa = XCBuildConfiguration;
			buildSettings = {
				ALWAYS_EMBED_SWIFT_STANDARD_LIBRARIES = YES;
				BUNDLE_LOADER = "$(TEST_HOST)";
				CODE_SIGN_STYLE = Automatic;
				CURRENT_PROJECT_VERSION = 1;
				GENERATE_INFOPLIST_FILE = YES;
				IPHONEOS_DEPLOYMENT_TARGET = 16.1;
				MARKETING_VERSION = 1.0;
				PRODUCT_BUNDLE_IDENTIFIER = "-23213.Compositional-LayoutTests";
				PRODUCT_NAME = "$(TARGET_NAME)";
				SWIFT_EMIT_LOC_STRINGS = NO;
				SWIFT_VERSION = 5.0;
				TARGETED_DEVICE_FAMILY = "1,2";
				TEST_HOST = "$(BUILT_PRODUCTS_DIR)/Compositional Layout.app/$(BUNDLE_EXECUTABLE_FOLDER_PATH)/Compositional Layout";
			};
			name = Debug;
		};
		74D5FFA32943A63C00029FF8 /* Release */ = {
			isa = XCBuildConfiguration;
			buildSettings = {
				ALWAYS_EMBED_SWIFT_STANDARD_LIBRARIES = YES;
				BUNDLE_LOADER = "$(TEST_HOST)";
				CODE_SIGN_STYLE = Automatic;
				CURRENT_PROJECT_VERSION = 1;
				GENERATE_INFOPLIST_FILE = YES;
				IPHONEOS_DEPLOYMENT_TARGET = 16.1;
				MARKETING_VERSION = 1.0;
				PRODUCT_BUNDLE_IDENTIFIER = "-23213.Compositional-LayoutTests";
				PRODUCT_NAME = "$(TARGET_NAME)";
				SWIFT_EMIT_LOC_STRINGS = NO;
				SWIFT_VERSION = 5.0;
				TARGETED_DEVICE_FAMILY = "1,2";
				TEST_HOST = "$(BUILT_PRODUCTS_DIR)/Compositional Layout.app/$(BUNDLE_EXECUTABLE_FOLDER_PATH)/Compositional Layout";
			};
			name = Release;
		};
		74D5FFA52943A63C00029FF8 /* Debug */ = {
			isa = XCBuildConfiguration;
			buildSettings = {
				ALWAYS_EMBED_SWIFT_STANDARD_LIBRARIES = YES;
				CODE_SIGN_STYLE = Automatic;
				CURRENT_PROJECT_VERSION = 1;
				GENERATE_INFOPLIST_FILE = YES;
				MARKETING_VERSION = 1.0;
				PRODUCT_BUNDLE_IDENTIFIER = "-23213.Compositional-LayoutUITests";
				PRODUCT_NAME = "$(TARGET_NAME)";
				SWIFT_EMIT_LOC_STRINGS = NO;
				SWIFT_VERSION = 5.0;
				TARGETED_DEVICE_FAMILY = "1,2";
				TEST_TARGET_NAME = "Compositional Layout";
			};
			name = Debug;
		};
		74D5FFA62943A63C00029FF8 /* Release */ = {
			isa = XCBuildConfiguration;
			buildSettings = {
				ALWAYS_EMBED_SWIFT_STANDARD_LIBRARIES = YES;
				CODE_SIGN_STYLE = Automatic;
				CURRENT_PROJECT_VERSION = 1;
				GENERATE_INFOPLIST_FILE = YES;
				MARKETING_VERSION = 1.0;
				PRODUCT_BUNDLE_IDENTIFIER = "-23213.Compositional-LayoutUITests";
				PRODUCT_NAME = "$(TARGET_NAME)";
				SWIFT_EMIT_LOC_STRINGS = NO;
				SWIFT_VERSION = 5.0;
				TARGETED_DEVICE_FAMILY = "1,2";
				TEST_TARGET_NAME = "Compositional Layout";
			};
			name = Release;
		};
/* End XCBuildConfiguration section */

/* Begin XCConfigurationList section */
		74D5FF6F2943A63A00029FF8 /* Build configuration list for PBXProject "Compositional Layout" */ = {
			isa = XCConfigurationList;
			buildConfigurations = (
				74D5FF9C2943A63C00029FF8 /* Debug */,
				74D5FF9D2943A63C00029FF8 /* Release */,
			);
			defaultConfigurationIsVisible = 0;
			defaultConfigurationName = Release;
		};
		74D5FF9E2943A63C00029FF8 /* Build configuration list for PBXNativeTarget "Compositional Layout" */ = {
			isa = XCConfigurationList;
			buildConfigurations = (
				74D5FF9F2943A63C00029FF8 /* Debug */,
				74D5FFA02943A63C00029FF8 /* Release */,
			);
			defaultConfigurationIsVisible = 0;
			defaultConfigurationName = Release;
		};
		74D5FFA12943A63C00029FF8 /* Build configuration list for PBXNativeTarget "Compositional LayoutTests" */ = {
			isa = XCConfigurationList;
			buildConfigurations = (
				74D5FFA22943A63C00029FF8 /* Debug */,
				74D5FFA32943A63C00029FF8 /* Release */,
			);
			defaultConfigurationIsVisible = 0;
			defaultConfigurationName = Release;
		};
		74D5FFA42943A63C00029FF8 /* Build configuration list for PBXNativeTarget "Compositional LayoutUITests" */ = {
			isa = XCConfigurationList;
			buildConfigurations = (
				74D5FFA52943A63C00029FF8 /* Debug */,
				74D5FFA62943A63C00029FF8 /* Release */,
			);
			defaultConfigurationIsVisible = 0;
			defaultConfigurationName = Release;
		};
/* End XCConfigurationList section */
	};
	rootObject = 74D5FF6C2943A63A00029FF8 /* Project object */;
}
